
Microsoft Visual Studio Solution File, Format Version 12.00
# Visual Studio Version 16
VisualStudioVersion = 16.0.31911.196
MinimumVisualStudioVersion = 10.0.40219.1
Project("{F184B08F-C81C-45F6-A57F-5ABD9991F28F}") = "IP TV By MONSTERMC", "IP TV By MONSTERMC\IP TV By MONSTERMC.vbproj", "{8CE6DE09-FBA8-4A00-A781-13DC1C6CE88D}"
EndProject
Global
	GlobalSection(SolutionConfigurationPlatforms) = preSolution
		Debug|Any CPU = Debug|Any CPU
		Release|Any CPU = Release|Any CPU
	EndGlobalSection
	GlobalSection(ProjectConfigurationPlatforms) = postSolution
		{8CE6DE09-FBA8-4A00-A781-13DC1C6CE88D}.Debug|Any CPU.ActiveCfg = Debug|Any CPU
		{8CE6DE09-FBA8-4A00-A781-13DC1C6CE88D}.Debug|Any CPU.Build.0 = Debug|Any CPU
		{8CE6DE09-FBA8-4A00-A781-13DC1C6CE88D}.Release|Any CPU.ActiveCfg = Release|Any CPU
		{8CE6DE09-FBA8-4A00-A781-13DC1C6CE88D}.Release|Any CPU.Build.0 = Release|Any CPU
	EndGlobalSection
	GlobalSection(SolutionProperties) = preSolution
		HideSolutionNode = FALSE
	EndGlobalSection
	GlobalSection(ExtensibilityGlobals) = postSolution
		SolutionGuid = {D65ED744-C858-48C8-B55F-1A10B499756F}
	EndGlobalSection
EndGlobal
